
Microsoft Visual Studio Solution File, Format Version 12.00
# Visual Studio Version 17
VisualStudioVersion = 17.3.32825.248
MinimumVisualStudioVersion = 10.0.40219.1
Project("{FAE04EC0-301F-11D3-BF4B-00C04F79EFBC}") = "Week 3 Assignment", "Week 3 Assignment\Week 3 Assignment.csproj", "{8D68854C-90D2-4935-9A88-A784844A96C2}"
EndProject
Global
	GlobalSection(SolutionConfigurationPlatforms) = preSolution
		Debug|Any CPU = Debug|Any CPU
		Release|Any CPU = Release|Any CPU
	EndGlobalSection
	GlobalSection(ProjectConfigurationPlatforms) = postSolution
		{8D68854C-90D2-4935-9A88-A784844A96C2}.Debug|Any CPU.ActiveCfg = Debug|Any CPU
		{8D68854C-90D2-4935-9A88-A784844A96C2}.Debug|Any CPU.Build.0 = Debug|Any CPU
		{8D68854C-90D2-4935-9A88-A784844A96C2}.Release|Any CPU.ActiveCfg = Release|Any CPU
		{8D68854C-90D2-4935-9A88-A784844A96C2}.Release|Any CPU.Build.0 = Release|Any CPU
	EndGlobalSection
	GlobalSection(SolutionProperties) = preSolution
		HideSolutionNode = FALSE
	EndGlobalSection
	GlobalSection(ExtensibilityGlobals) = postSolution
		SolutionGuid = {99DF3A2E-AC35-4176-90CA-D74BD58DE9CE}
	EndGlobalSection
EndGlobal
